
Microsoft Visual Studio Solution File, Format Version 12.00
# Visual Studio 15
VisualStudioVersion = 15.0.27703.2042
MinimumVisualStudioVersion = 10.0.40219.1
Project("{888888A0-9F3D-457C-B088-3A5042F75D52}") = "BloodPressureProject", "BloodPressureProject\BloodPressureProject.pyproj", "{BF8CCB3C-1AF4-4644-BF21-EC13940D581B}"
EndProject
Global
	GlobalSection(SolutionConfigurationPlatforms) = preSolution
		Debug|Any CPU = Debug|Any CPU
		Release|Any CPU = Release|Any CPU
	EndGlobalSection
	GlobalSection(ProjectConfigurationPlatforms) = postSolution
		{BF8CCB3C-1AF4-4644-BF21-EC13940D581B}.Debug|Any CPU.ActiveCfg = Debug|Any CPU
		{BF8CCB3C-1AF4-4644-BF21-EC13940D581B}.Release|Any CPU.ActiveCfg = Release|Any CPU
	EndGlobalSection
	GlobalSection(SolutionProperties) = preSolution
		HideSolutionNode = FALSE
	EndGlobalSection
	GlobalSection(ExtensibilityGlobals) = postSolution
		SolutionGuid = {1F33CB90-EC11-4BD9-88B6-1747E0CA5912}
	EndGlobalSection
EndGlobal
